
Microsoft Visual Studio Solution File, Format Version 12.00
# Visual Studio 14
VisualStudioVersion = 14.0.23107.0
MinimumVisualStudioVersion = 10.0.40219.1
Project("{FAE04EC0-301F-11D3-BF4B-00C04F79EFBC}") = "ehealth", "ehealth\ehealth.csproj", "{0B1F4EB5-78F6-445B-90E4-DB66183CA330}"
EndProject
Project("{2150E333-8FDC-42A3-9474-1A3956D46DE8}") = "PublishScripts", "PublishScripts", "{9A896B4D-2443-4719-982C-DB7EB86E898D}"
EndProject
Project("{2150E333-8FDC-42A3-9474-1A3956D46DE8}") = "Scripts", "Scripts", "{FA0C16A8-EC11-4388-A479-284A4CEF6B45}"
	ProjectSection(SolutionItems) = preProject
		PublishScripts\Scripts\Deploy-AzureResourceGroup.ps1 = PublishScripts\Scripts\Deploy-AzureResourceGroup.ps1
	EndProjectSection
EndProject
Project("{2150E333-8FDC-42A3-9474-1A3956D46DE8}") = "Templates", "Templates", "{72B24BBE-A679-421E-92D6-F0CB08514FA1}"
	ProjectSection(SolutionItems) = preProject
		PublishScripts\Templates\ehealth.json = PublishScripts\Templates\ehealth.json
		PublishScripts\Templates\ehealth.param.dev.json = PublishScripts\Templates\ehealth.param.dev.json
	EndProjectSection
EndProject
Global
	GlobalSection(SolutionConfigurationPlatforms) = preSolution
		Debug|Any CPU = Debug|Any CPU
		Release|Any CPU = Release|Any CPU
	EndGlobalSection
	GlobalSection(ProjectConfigurationPlatforms) = postSolution
		{0B1F4EB5-78F6-445B-90E4-DB66183CA330}.Debug|Any CPU.ActiveCfg = Debug|Any CPU
		{0B1F4EB5-78F6-445B-90E4-DB66183CA330}.Debug|Any CPU.Build.0 = Debug|Any CPU
		{0B1F4EB5-78F6-445B-90E4-DB66183CA330}.Release|Any CPU.ActiveCfg = Release|Any CPU
		{0B1F4EB5-78F6-445B-90E4-DB66183CA330}.Release|Any CPU.Build.0 = Release|Any CPU
	EndGlobalSection
	GlobalSection(SolutionProperties) = preSolution
		HideSolutionNode = FALSE
	EndGlobalSection
	GlobalSection(NestedProjects) = preSolution
		{FA0C16A8-EC11-4388-A479-284A4CEF6B45} = {9A896B4D-2443-4719-982C-DB7EB86E898D}
		{72B24BBE-A679-421E-92D6-F0CB08514FA1} = {9A896B4D-2443-4719-982C-DB7EB86E898D}
	EndGlobalSection
EndGlobal
